// !$*UTF8*$!
{
	archiveVersion = 1;
	classes = {
	};
	objectVersion = 56;
	objects = {

/* Begin PBXBuildFile section */
		8D86245B2AE6CF1D000EB916 /* AppDelegate.swift in Sources */ = {isa = PBXBuildFile; fileRef = 8D86245A2AE6CF1D000EB916 /* AppDelegate.swift */; };
		8D86245D2AE6CF1D000EB916 /* SceneDelegate.swift in Sources */ = {isa = PBXBuildFile; fileRef = 8D86245C2AE6CF1D000EB916 /* SceneDelegate.swift */; };
		8D86245F2AE6CF1D000EB916 /* ViewController.swift in Sources */ = {isa = PBXBuildFile; fileRef = 8D86245E2AE6CF1D000EB916 /* ViewController.swift */; };
		8D8624622AE6CF1D000EB916 /* Main.storyboard in Resources */ = {isa = PBXBuildFile; fileRef = 8D8624602AE6CF1D000EB916 /* Main.storyboard */; };
		8D8624672AE6CF1D000EB916 /* LaunchScreen.storyboard in Resources */ = {isa = PBXBuildFile; fileRef = 8D8624652AE6CF1D000EB916 /* LaunchScreen.storyboard */; };
		8D8624722AE6E78F000EB916 /* Assets.xcassets in Resources */ = {isa = PBXBuildFile; fileRef = 8D8624632AE6CF1D000EB916 /* Assets.xcassets */; };
		8D8624752AE6F2CE000EB916 /* TabBarViewController.swift in Sources */ = {isa = PBXBuildFile; fileRef = 8D8624742AE6F2CE000EB916 /* TabBarViewController.swift */; };
		8D8624782AE6F362000EB916 /* Colors.swift in Sources */ = {isa = PBXBuildFile; fileRef = 8D8624772AE6F362000EB916 /* Colors.swift */; };
		8D86247C2AE71335000EB916 /* CollectionParametr.swift in Sources */ = {isa = PBXBuildFile; fileRef = 8D86247B2AE71335000EB916 /* CollectionParametr.swift */; };
		8D86247E2AE713A6000EB916 /* TrackerCategoryStruct.swift in Sources */ = {isa = PBXBuildFile; fileRef = 8D86247D2AE713A6000EB916 /* TrackerCategoryStruct.swift */; };
		8D8624802AE713FF000EB916 /* TrackerStruct.swift in Sources */ = {isa = PBXBuildFile; fileRef = 8D86247F2AE713FF000EB916 /* TrackerStruct.swift */; };
		8D8624822AE7149F000EB916 /* WeekDays.swift in Sources */ = {isa = PBXBuildFile; fileRef = 8D8624812AE7149F000EB916 /* WeekDays.swift */; };
		8D8624842AE71530000EB916 /* TrackerRecordStruct.swift in Sources */ = {isa = PBXBuildFile; fileRef = 8D8624832AE71530000EB916 /* TrackerRecordStruct.swift */; };
		8D8624862AE715F5000EB916 /* View.swift in Sources */ = {isa = PBXBuildFile; fileRef = 8D8624852AE715F5000EB916 /* View.swift */; };
		8D8624882AE71675000EB916 /* TrackerViewController.swift in Sources */ = {isa = PBXBuildFile; fileRef = 8D8624872AE71675000EB916 /* TrackerViewController.swift */; };
		8D86248A2AE71825000EB916 /* TrackerCollectionViewCell.swift in Sources */ = {isa = PBXBuildFile; fileRef = 8D8624892AE71825000EB916 /* TrackerCollectionViewCell.swift */; };
		8D86248C2AE7189C000EB916 /* TrackerCollectionViewHeader..swift in Sources */ = {isa = PBXBuildFile; fileRef = 8D86248B2AE7189C000EB916 /* TrackerCollectionViewHeader..swift */; };
		8D86248E2AE71987000EB916 /* StatisticsViewController..swift in Sources */ = {isa = PBXBuildFile; fileRef = 8D86248D2AE71987000EB916 /* StatisticsViewController..swift */; };
		8D8624902AE71C4D000EB916 /* CreateHabitViewController..swift in Sources */ = {isa = PBXBuildFile; fileRef = 8D86248F2AE71C4D000EB916 /* CreateHabitViewController..swift */; };
		8DA2046D2AE7E29A00DB1B2D /* CustomTextField.swift in Sources */ = {isa = PBXBuildFile; fileRef = 8DA2046C2AE7E29A00DB1B2D /* CustomTextField.swift */; };
		8DA2046F2AE7E69D00DB1B2D /* SettingOptions.swift in Sources */ = {isa = PBXBuildFile; fileRef = 8DA2046E2AE7E69D00DB1B2D /* SettingOptions.swift */; };
		8DA204712AE7E6FE00DB1B2D /* ConfigureScheduleViewController.swift in Sources */ = {isa = PBXBuildFile; fileRef = 8DA204702AE7E6FE00DB1B2D /* ConfigureScheduleViewController.swift */; };
		8DA204732AE7E7A700DB1B2D /* SwitchTableViewCell.swift in Sources */ = {isa = PBXBuildFile; fileRef = 8DA204722AE7E7A700DB1B2D /* SwitchTableViewCell.swift */; };
		8DA204752AE7E84700DB1B2D /* SwitchOptions.swift in Sources */ = {isa = PBXBuildFile; fileRef = 8DA204742AE7E84700DB1B2D /* SwitchOptions.swift */; };
		8DA204772AE7E89300DB1B2D /* CreateEventViewController.swift in Sources */ = {isa = PBXBuildFile; fileRef = 8DA204762AE7E89300DB1B2D /* CreateEventViewController.swift */; };
		8DA204792AE7E8F000DB1B2D /* SettingTableViewCell.swift in Sources */ = {isa = PBXBuildFile; fileRef = 8DA204782AE7E8F000DB1B2D /* SettingTableViewCell.swift */; };
/* End PBXBuildFile section */

/* Begin PBXFileReference section */
		8D8624572AE6CF1D000EB916 /* Tracker.app */ = {isa = PBXFileReference; explicitFileType = wrapper.application; includeInIndex = 0; path = Tracker.app; sourceTree = BUILT_PRODUCTS_DIR; };
		8D86245A2AE6CF1D000EB916 /* AppDelegate.swift */ = {isa = PBXFileReference; lastKnownFileType = sourcecode.swift; path = AppDelegate.swift; sourceTree = "<group>"; };
		8D86245C2AE6CF1D000EB916 /* SceneDelegate.swift */ = {isa = PBXFileReference; lastKnownFileType = sourcecode.swift; path = SceneDelegate.swift; sourceTree = "<group>"; };
		8D86245E2AE6CF1D000EB916 /* ViewController.swift */ = {isa = PBXFileReference; lastKnownFileType = sourcecode.swift; path = ViewController.swift; sourceTree = "<group>"; };
		8D8624612AE6CF1D000EB916 /* Base */ = {isa = PBXFileReference; lastKnownFileType = file.storyboard; name = Base; path = Base.lproj/Main.storyboard; sourceTree = "<group>"; };
		8D8624632AE6CF1D000EB916 /* Assets.xcassets */ = {isa = PBXFileReference; lastKnownFileType = folder.assetcatalog; path = Assets.xcassets; sourceTree = "<group>"; };
		8D8624662AE6CF1D000EB916 /* Base */ = {isa = PBXFileReference; lastKnownFileType = file.storyboard; name = Base; path = Base.lproj/LaunchScreen.storyboard; sourceTree = "<group>"; };
		8D8624682AE6CF1D000EB916 /* Info.plist */ = {isa = PBXFileReference; lastKnownFileType = text.plist.xml; path = Info.plist; sourceTree = "<group>"; };
		8D8624742AE6F2CE000EB916 /* TabBarViewController.swift */ = {isa = PBXFileReference; lastKnownFileType = sourcecode.swift; path = TabBarViewController.swift; sourceTree = "<group>"; };
		8D8624772AE6F362000EB916 /* Colors.swift */ = {isa = PBXFileReference; lastKnownFileType = sourcecode.swift; path = Colors.swift; sourceTree = "<group>"; };
		8D86247B2AE71335000EB916 /* CollectionParametr.swift */ = {isa = PBXFileReference; lastKnownFileType = sourcecode.swift; path = CollectionParametr.swift; sourceTree = "<group>"; };
		8D86247D2AE713A6000EB916 /* TrackerCategoryStruct.swift */ = {isa = PBXFileReference; lastKnownFileType = sourcecode.swift; path = TrackerCategoryStruct.swift; sourceTree = "<group>"; };
		8D86247F2AE713FF000EB916 /* TrackerStruct.swift */ = {isa = PBXFileReference; lastKnownFileType = sourcecode.swift; path = TrackerStruct.swift; sourceTree = "<group>"; };
		8D8624812AE7149F000EB916 /* WeekDays.swift */ = {isa = PBXFileReference; lastKnownFileType = sourcecode.swift; path = WeekDays.swift; sourceTree = "<group>"; };
		8D8624832AE71530000EB916 /* TrackerRecordStruct.swift */ = {isa = PBXFileReference; lastKnownFileType = sourcecode.swift; path = TrackerRecordStruct.swift; sourceTree = "<group>"; };
		8D8624852AE715F5000EB916 /* View.swift */ = {isa = PBXFileReference; lastKnownFileType = sourcecode.swift; path = View.swift; sourceTree = "<group>"; };
		8D8624872AE71675000EB916 /* TrackerViewController.swift */ = {isa = PBXFileReference; lastKnownFileType = sourcecode.swift; path = TrackerViewController.swift; sourceTree = "<group>"; };
		8D8624892AE71825000EB916 /* TrackerCollectionViewCell.swift */ = {isa = PBXFileReference; lastKnownFileType = sourcecode.swift; path = TrackerCollectionViewCell.swift; sourceTree = "<group>"; };
		8D86248B2AE7189C000EB916 /* TrackerCollectionViewHeader..swift */ = {isa = PBXFileReference; lastKnownFileType = sourcecode.swift; path = TrackerCollectionViewHeader..swift; sourceTree = "<group>"; };
		8D86248D2AE71987000EB916 /* StatisticsViewController..swift */ = {isa = PBXFileReference; lastKnownFileType = sourcecode.swift; path = StatisticsViewController..swift; sourceTree = "<group>"; };
		8D86248F2AE71C4D000EB916 /* CreateHabitViewController..swift */ = {isa = PBXFileReference; lastKnownFileType = sourcecode.swift; path = CreateHabitViewController..swift; sourceTree = "<group>"; };
		8DA2046C2AE7E29A00DB1B2D /* CustomTextField.swift */ = {isa = PBXFileReference; lastKnownFileType = sourcecode.swift; path = CustomTextField.swift; sourceTree = "<group>"; };
		8DA2046E2AE7E69D00DB1B2D /* SettingOptions.swift */ = {isa = PBXFileReference; lastKnownFileType = sourcecode.swift; path = SettingOptions.swift; sourceTree = "<group>"; };
		8DA204702AE7E6FE00DB1B2D /* ConfigureScheduleViewController.swift */ = {isa = PBXFileReference; lastKnownFileType = sourcecode.swift; path = ConfigureScheduleViewController.swift; sourceTree = "<group>"; };
		8DA204722AE7E7A700DB1B2D /* SwitchTableViewCell.swift */ = {isa = PBXFileReference; lastKnownFileType = sourcecode.swift; path = SwitchTableViewCell.swift; sourceTree = "<group>"; };
		8DA204742AE7E84700DB1B2D /* SwitchOptions.swift */ = {isa = PBXFileReference; lastKnownFileType = sourcecode.swift; path = SwitchOptions.swift; sourceTree = "<group>"; };
		8DA204762AE7E89300DB1B2D /* CreateEventViewController.swift */ = {isa = PBXFileReference; lastKnownFileType = sourcecode.swift; path = CreateEventViewController.swift; sourceTree = "<group>"; };
		8DA204782AE7E8F000DB1B2D /* SettingTableViewCell.swift */ = {isa = PBXFileReference; lastKnownFileType = sourcecode.swift; path = SettingTableViewCell.swift; sourceTree = "<group>"; };
/* End PBXFileReference section */

/* Begin PBXFrameworksBuildPhase section */
		8D8624542AE6CF1D000EB916 /* Frameworks */ = {
			isa = PBXFrameworksBuildPhase;
			buildActionMask = 2147483647;
			files = (
			);
			runOnlyForDeploymentPostprocessing = 0;
		};
/* End PBXFrameworksBuildPhase section */

/* Begin PBXGroup section */
		8D86244E2AE6CF1D000EB916 = {
			isa = PBXGroup;
			children = (
				8D8624592AE6CF1D000EB916 /* Tracker */,
				8D8624582AE6CF1D000EB916 /* Products */,
			);
			sourceTree = "<group>";
		};
		8D8624582AE6CF1D000EB916 /* Products */ = {
			isa = PBXGroup;
			children = (
				8D8624572AE6CF1D000EB916 /* Tracker.app */,
			);
			name = Products;
			sourceTree = "<group>";
		};
		8D8624592AE6CF1D000EB916 /* Tracker */ = {
			isa = PBXGroup;
			children = (
				8D86247A2AE712C8000EB916 /* Tools */,
				8D8624792AE6FA95000EB916 /* Extensions */,
				8D8624762AE6F32B000EB916 /* Models */,
				8D8624732AE6F2A0000EB916 /* VC */,
				8D86245A2AE6CF1D000EB916 /* AppDelegate.swift */,
				8D86245C2AE6CF1D000EB916 /* SceneDelegate.swift */,
				8D8624602AE6CF1D000EB916 /* Main.storyboard */,
				8D8624632AE6CF1D000EB916 /* Assets.xcassets */,
				8D8624652AE6CF1D000EB916 /* LaunchScreen.storyboard */,
				8D8624682AE6CF1D000EB916 /* Info.plist */,
			);
			path = Tracker;
			sourceTree = "<group>";
		};
		8D8624732AE6F2A0000EB916 /* VC */ = {
			isa = PBXGroup;
			children = (
				8D86245E2AE6CF1D000EB916 /* ViewController.swift */,
				8D8624742AE6F2CE000EB916 /* TabBarViewController.swift */,
				8D8624872AE71675000EB916 /* TrackerViewController.swift */,
				8D86248D2AE71987000EB916 /* StatisticsViewController..swift */,
				8D86248F2AE71C4D000EB916 /* CreateHabitViewController..swift */,
				8DA204702AE7E6FE00DB1B2D /* ConfigureScheduleViewController.swift */,
				8DA204722AE7E7A700DB1B2D /* SwitchTableViewCell.swift */,
				8DA204762AE7E89300DB1B2D /* CreateEventViewController.swift */,
			);
			path = VC;
			sourceTree = "<group>";
		};
		8D8624762AE6F32B000EB916 /* Models */ = {
			isa = PBXGroup;
			children = (
				8D86247D2AE713A6000EB916 /* TrackerCategoryStruct.swift */,
				8D86247F2AE713FF000EB916 /* TrackerStruct.swift */,
				8D8624832AE71530000EB916 /* TrackerRecordStruct.swift */,
			);
			path = Models;
			sourceTree = "<group>";
		};
		8D8624792AE6FA95000EB916 /* Extensions */ = {
			isa = PBXGroup;
			children = (
				8D8624772AE6F362000EB916 /* Colors.swift */,
				8D8624852AE715F5000EB916 /* View.swift */,
			);
			path = Extensions;
			sourceTree = "<group>";
		};
		8D86247A2AE712C8000EB916 /* Tools */ = {
			isa = PBXGroup;
			children = (
				8D86247B2AE71335000EB916 /* CollectionParametr.swift */,
				8D8624812AE7149F000EB916 /* WeekDays.swift */,
				8D8624892AE71825000EB916 /* TrackerCollectionViewCell.swift */,
				8D86248B2AE7189C000EB916 /* TrackerCollectionViewHeader..swift */,
				8DA2046C2AE7E29A00DB1B2D /* CustomTextField.swift */,
				8DA2046E2AE7E69D00DB1B2D /* SettingOptions.swift */,
				8DA204742AE7E84700DB1B2D /* SwitchOptions.swift */,
				8DA204782AE7E8F000DB1B2D /* SettingTableViewCell.swift */,
			);
			path = Tools;
			sourceTree = "<group>";
		};
/* End PBXGroup section */

/* Begin PBXNativeTarget section */
		8D8624562AE6CF1D000EB916 /* Tracker */ = {
			isa = PBXNativeTarget;
			buildConfigurationList = 8D86246B2AE6CF1D000EB916 /* Build configuration list for PBXNativeTarget "Tracker" */;
			buildPhases = (
				8D8624532AE6CF1D000EB916 /* Sources */,
				8D8624542AE6CF1D000EB916 /* Frameworks */,
				8D8624552AE6CF1D000EB916 /* Resources */,
			);
			buildRules = (
			);
			dependencies = (
			);
			name = Tracker;
			productName = Tracker;
			productReference = 8D8624572AE6CF1D000EB916 /* Tracker.app */;
			productType = "com.apple.product-type.application";
		};
/* End PBXNativeTarget section */

/* Begin PBXProject section */
		8D86244F2AE6CF1D000EB916 /* Project object */ = {
			isa = PBXProject;
			attributes = {
				BuildIndependentTargetsInParallel = 1;
				LastSwiftUpdateCheck = 1430;
				LastUpgradeCheck = 1430;
				TargetAttributes = {
					8D8624562AE6CF1D000EB916 = {
						CreatedOnToolsVersion = 14.3.1;
					};
				};
			};
			buildConfigurationList = 8D8624522AE6CF1D000EB916 /* Build configuration list for PBXProject "Tracker" */;
			compatibilityVersion = "Xcode 14.0";
			developmentRegion = en;
			hasScannedForEncodings = 0;
			knownRegions = (
				en,
				Base,
			);
			mainGroup = 8D86244E2AE6CF1D000EB916;
			productRefGroup = 8D8624582AE6CF1D000EB916 /* Products */;
			projectDirPath = "";
			projectRoot = "";
			targets = (
				8D8624562AE6CF1D000EB916 /* Tracker */,
			);
		};
/* End PBXProject section */

/* Begin PBXResourcesBuildPhase section */
		8D8624552AE6CF1D000EB916 /* Resources */ = {
			isa = PBXResourcesBuildPhase;
			buildActionMask = 2147483647;
			files = (
				8D8624672AE6CF1D000EB916 /* LaunchScreen.storyboard in Resources */,
				8D8624722AE6E78F000EB916 /* Assets.xcassets in Resources */,
				8D8624622AE6CF1D000EB916 /* Main.storyboard in Resources */,
			);
			runOnlyForDeploymentPostprocessing = 0;
		};
/* End PBXResourcesBuildPhase section */

/* Begin PBXSourcesBuildPhase section */
		8D8624532AE6CF1D000EB916 /* Sources */ = {
			isa = PBXSourcesBuildPhase;
			buildActionMask = 2147483647;
			files = (
				8D8624862AE715F5000EB916 /* View.swift in Sources */,
				8DA204792AE7E8F000DB1B2D /* SettingTableViewCell.swift in Sources */,
				8D86245F2AE6CF1D000EB916 /* ViewController.swift in Sources */,
				8D8624902AE71C4D000EB916 /* CreateHabitViewController..swift in Sources */,
				8D86245B2AE6CF1D000EB916 /* AppDelegate.swift in Sources */,
				8D86248C2AE7189C000EB916 /* TrackerCollectionViewHeader..swift in Sources */,
				8DA2046D2AE7E29A00DB1B2D /* CustomTextField.swift in Sources */,
				8D8624842AE71530000EB916 /* TrackerRecordStruct.swift in Sources */,
				8DA204712AE7E6FE00DB1B2D /* ConfigureScheduleViewController.swift in Sources */,
				8D8624822AE7149F000EB916 /* WeekDays.swift in Sources */,
				8D8624882AE71675000EB916 /* TrackerViewController.swift in Sources */,
				8DA2046F2AE7E69D00DB1B2D /* SettingOptions.swift in Sources */,
				8D8624802AE713FF000EB916 /* TrackerStruct.swift in Sources */,
				8D86248A2AE71825000EB916 /* TrackerCollectionViewCell.swift in Sources */,
				8DA204732AE7E7A700DB1B2D /* SwitchTableViewCell.swift in Sources */,
				8D86247C2AE71335000EB916 /* CollectionParametr.swift in Sources */,
				8DA204752AE7E84700DB1B2D /* SwitchOptions.swift in Sources */,
				8D8624782AE6F362000EB916 /* Colors.swift in Sources */,
				8D86247E2AE713A6000EB916 /* TrackerCategoryStruct.swift in Sources */,
				8D86245D2AE6CF1D000EB916 /* SceneDelegate.swift in Sources */,
				8D8624752AE6F2CE000EB916 /* TabBarViewController.swift in Sources */,
				8D86248E2AE71987000EB916 /* StatisticsViewController..swift in Sources */,
				8DA204772AE7E89300DB1B2D /* CreateEventViewController.swift in Sources */,
			);
			runOnlyForDeploymentPostprocessing = 0;
		};
/* End PBXSourcesBuildPhase section */

/* Begin PBXVariantGroup section */
		8D8624602AE6CF1D000EB916 /* Main.storyboard */ = {
			isa = PBXVariantGroup;
			children = (
				8D8624612AE6CF1D000EB916 /* Base */,
			);
			name = Main.storyboard;
			sourceTree = "<group>";
		};
		8D8624652AE6CF1D000EB916 /* LaunchScreen.storyboard */ = {
			isa = PBXVariantGroup;
			children = (
				8D8624662AE6CF1D000EB916 /* Base */,
			);
			name = LaunchScreen.storyboard;
			sourceTree = "<group>";
		};
/* End PBXVariantGroup section */

/* Begin XCBuildConfiguration section */
		8D8624692AE6CF1D000EB916 /* Debug */ = {
			isa = XCBuildConfiguration;
			buildSettings = {
				ALWAYS_SEARCH_USER_PATHS = NO;
				CLANG_ANALYZER_NONNULL = YES;
				CLANG_ANALYZER_NUMBER_OBJECT_CONVERSION = YES_AGGRESSIVE;
				CLANG_CXX_LANGUAGE_STANDARD = "gnu++20";
				CLANG_ENABLE_MODULES = YES;
				CLANG_ENABLE_OBJC_ARC = YES;
				CLANG_ENABLE_OBJC_WEAK = YES;
				CLANG_WARN_BLOCK_CAPTURE_AUTORELEASING = YES;
				CLANG_WARN_BOOL_CONVERSION = YES;
				CLANG_WARN_COMMA = YES;
				CLANG_WARN_CONSTANT_CONVERSION = YES;
				CLANG_WARN_DEPRECATED_OBJC_IMPLEMENTATIONS = YES;
				CLANG_WARN_DIRECT_OBJC_ISA_USAGE = YES_ERROR;
				CLANG_WARN_DOCUMENTATION_COMMENTS = YES;
				CLANG_WARN_EMPTY_BODY = YES;
				CLANG_WARN_ENUM_CONVERSION = YES;
				CLANG_WARN_INFINITE_RECURSION = YES;
				CLANG_WARN_INT_CONVERSION = YES;
				CLANG_WARN_NON_LITERAL_NULL_CONVERSION = YES;
				CLANG_WARN_OBJC_IMPLICIT_RETAIN_SELF = YES;
				CLANG_WARN_OBJC_LITERAL_CONVERSION = YES;
				CLANG_WARN_OBJC_ROOT_CLASS = YES_ERROR;
				CLANG_WARN_QUOTED_INCLUDE_IN_FRAMEWORK_HEADER = YES;
				CLANG_WARN_RANGE_LOOP_ANALYSIS = YES;
				CLANG_WARN_STRICT_PROTOTYPES = YES;
				CLANG_WARN_SUSPICIOUS_MOVE = YES;
				CLANG_WARN_UNGUARDED_AVAILABILITY = YES_AGGRESSIVE;
				CLANG_WARN_UNREACHABLE_CODE = YES;
				CLANG_WARN__DUPLICATE_METHOD_MATCH = YES;
				COPY_PHASE_STRIP = NO;
				DEBUG_INFORMATION_FORMAT = dwarf;
				ENABLE_STRICT_OBJC_MSGSEND = YES;
				ENABLE_TESTABILITY = YES;
				GCC_C_LANGUAGE_STANDARD = gnu11;
				GCC_DYNAMIC_NO_PIC = NO;
				GCC_NO_COMMON_BLOCKS = YES;
				GCC_OPTIMIZATION_LEVEL = 0;
				GCC_PREPROCESSOR_DEFINITIONS = (
					"DEBUG=1",
					"$(inherited)",
				);
				GCC_WARN_64_TO_32_BIT_CONVERSION = YES;
				GCC_WARN_ABOUT_RETURN_TYPE = YES_ERROR;
				GCC_WARN_UNDECLARED_SELECTOR = YES;
				GCC_WARN_UNINITIALIZED_AUTOS = YES_AGGRESSIVE;
				GCC_WARN_UNUSED_FUNCTION = YES;
				GCC_WARN_UNUSED_VARIABLE = YES;
				IPHONEOS_DEPLOYMENT_TARGET = 16.4;
				MTL_ENABLE_DEBUG_INFO = INCLUDE_SOURCE;
				MTL_FAST_MATH = YES;
				ONLY_ACTIVE_ARCH = YES;
				SDKROOT = iphoneos;
				SWIFT_ACTIVE_COMPILATION_CONDITIONS = DEBUG;
				SWIFT_OPTIMIZATION_LEVEL = "-Onone";
			};
			name = Debug;
		};
		8D86246A2AE6CF1D000EB916 /* Release */ = {
			isa = XCBuildConfiguration;
			buildSettings = {
				ALWAYS_SEARCH_USER_PATHS = NO;
				CLANG_ANALYZER_NONNULL = YES;
				CLANG_ANALYZER_NUMBER_OBJECT_CONVERSION = YES_AGGRESSIVE;
				CLANG_CXX_LANGUAGE_STANDARD = "gnu++20";
				CLANG_ENABLE_MODULES = YES;
				CLANG_ENABLE_OBJC_ARC = YES;
				CLANG_ENABLE_OBJC_WEAK = YES;
				CLANG_WARN_BLOCK_CAPTURE_AUTORELEASING = YES;
				CLANG_WARN_BOOL_CONVERSION = YES;
				CLANG_WARN_COMMA = YES;
				CLANG_WARN_CONSTANT_CONVERSION = YES;
				CLANG_WARN_DEPRECATED_OBJC_IMPLEMENTATIONS = YES;
				CLANG_WARN_DIRECT_OBJC_ISA_USAGE = YES_ERROR;
				CLANG_WARN_DOCUMENTATION_COMMENTS = YES;
				CLANG_WARN_EMPTY_BODY = YES;
				CLANG_WARN_ENUM_CONVERSION = YES;
				CLANG_WARN_INFINITE_RECURSION = YES;
				CLANG_WARN_INT_CONVERSION = YES;
				CLANG_WARN_NON_LITERAL_NULL_CONVERSION = YES;
				CLANG_WARN_OBJC_IMPLICIT_RETAIN_SELF = YES;
				CLANG_WARN_OBJC_LITERAL_CONVERSION = YES;
				CLANG_WARN_OBJC_ROOT_CLASS = YES_ERROR;
				CLANG_WARN_QUOTED_INCLUDE_IN_FRAMEWORK_HEADER = YES;
				CLANG_WARN_RANGE_LOOP_ANALYSIS = YES;
				CLANG_WARN_STRICT_PROTOTYPES = YES;
				CLANG_WARN_SUSPICIOUS_MOVE = YES;
				CLANG_WARN_UNGUARDED_AVAILABILITY = YES_AGGRESSIVE;
				CLANG_WARN_UNREACHABLE_CODE = YES;
				CLANG_WARN__DUPLICATE_METHOD_MATCH = YES;
				COPY_PHASE_STRIP = NO;
				DEBUG_INFORMATION_FORMAT = "dwarf-with-dsym";
				ENABLE_NS_ASSERTIONS = NO;
				ENABLE_STRICT_OBJC_MSGSEND = YES;
				GCC_C_LANGUAGE_STANDARD = gnu11;
				GCC_NO_COMMON_BLOCKS = YES;
				GCC_WARN_64_TO_32_BIT_CONVERSION = YES;
				GCC_WARN_ABOUT_RETURN_TYPE = YES_ERROR;
				GCC_WARN_UNDECLARED_SELECTOR = YES;
				GCC_WARN_UNINITIALIZED_AUTOS = YES_AGGRESSIVE;
				GCC_WARN_UNUSED_FUNCTION = YES;
				GCC_WARN_UNUSED_VARIABLE = YES;
				IPHONEOS_DEPLOYMENT_TARGET = 16.4;
				MTL_ENABLE_DEBUG_INFO = NO;
				MTL_FAST_MATH = YES;
				SDKROOT = iphoneos;
				SWIFT_COMPILATION_MODE = wholemodule;
				SWIFT_OPTIMIZATION_LEVEL = "-O";
				VALIDATE_PRODUCT = YES;
			};
			name = Release;
		};
		8D86246C2AE6CF1D000EB916 /* Debug */ = {
			isa = XCBuildConfiguration;
			buildSettings = {
				ASSETCATALOG_COMPILER_APPICON_NAME = AppIcon;
				ASSETCATALOG_COMPILER_GLOBAL_ACCENT_COLOR_NAME = AccentColor;
				CODE_SIGN_STYLE = Automatic;
				CURRENT_PROJECT_VERSION = 1;
				DEVELOPMENT_TEAM = 69GECRXB7Y;
				GENERATE_INFOPLIST_FILE = YES;
				INFOPLIST_FILE = Tracker/Info.plist;
				INFOPLIST_KEY_UIApplicationSupportsIndirectInputEvents = YES;
				INFOPLIST_KEY_UILaunchStoryboardName = LaunchScreen;
				INFOPLIST_KEY_UIMainStoryboardFile = Main;
				INFOPLIST_KEY_UISupportedInterfaceOrientations_iPad = "UIInterfaceOrientationPortrait UIInterfaceOrientationPortraitUpsideDown UIInterfaceOrientationLandscapeLeft UIInterfaceOrientationLandscapeRight";
				INFOPLIST_KEY_UISupportedInterfaceOrientations_iPhone = "UIInterfaceOrientationPortrait UIInterfaceOrientationLandscapeLeft UIInterfaceOrientationLandscapeRight";
				IPHONEOS_DEPLOYMENT_TARGET = 13.4;
				LD_RUNPATH_SEARCH_PATHS = (
					"$(inherited)",
					"@executable_path/Frameworks",
				);
				MARKETING_VERSION = 1.0;
				PRODUCT_BUNDLE_IDENTIFIER = "ru.praktikum.f1-ks.Tracker";
				PRODUCT_NAME = "$(TARGET_NAME)";
				SWIFT_EMIT_LOC_STRINGS = YES;
				SWIFT_VERSION = 5.0;
				TARGETED_DEVICE_FAMILY = "1,2";
			};
			name = Debug;
		};
		8D86246D2AE6CF1D000EB916 /* Release */ = {
			isa = XCBuildConfiguration;
			buildSettings = {
				ASSETCATALOG_COMPILER_APPICON_NAME = AppIcon;
				ASSETCATALOG_COMPILER_GLOBAL_ACCENT_COLOR_NAME = AccentColor;
				CODE_SIGN_STYLE = Automatic;
				CURRENT_PROJECT_VERSION = 1;
				DEVELOPMENT_TEAM = 69GECRXB7Y;
				GENERATE_INFOPLIST_FILE = YES;
				INFOPLIST_FILE = Tracker/Info.plist;
				INFOPLIST_KEY_UIApplicationSupportsIndirectInputEvents = YES;
				INFOPLIST_KEY_UILaunchStoryboardName = LaunchScreen;
				INFOPLIST_KEY_UIMainStoryboardFile = Main;
				INFOPLIST_KEY_UISupportedInterfaceOrientations_iPad = "UIInterfaceOrientationPortrait UIInterfaceOrientationPortraitUpsideDown UIInterfaceOrientationLandscapeLeft UIInterfaceOrientationLandscapeRight";
				INFOPLIST_KEY_UISupportedInterfaceOrientations_iPhone = "UIInterfaceOrientationPortrait UIInterfaceOrientationLandscapeLeft UIInterfaceOrientationLandscapeRight";
				IPHONEOS_DEPLOYMENT_TARGET = 13.4;
				LD_RUNPATH_SEARCH_PATHS = (
					"$(inherited)",
					"@executable_path/Frameworks",
				);
				MARKETING_VERSION = 1.0;
				PRODUCT_BUNDLE_IDENTIFIER = "ru.praktikum.f1-ks.Tracker";
				PRODUCT_NAME = "$(TARGET_NAME)";
				SWIFT_EMIT_LOC_STRINGS = YES;
				SWIFT_VERSION = 5.0;
				TARGETED_DEVICE_FAMILY = "1,2";
			};
			name = Release;
		};
/* End XCBuildConfiguration section */

/* Begin XCConfigurationList section */
		8D8624522AE6CF1D000EB916 /* Build configuration list for PBXProject "Tracker" */ = {
			isa = XCConfigurationList;
			buildConfigurations = (
				8D8624692AE6CF1D000EB916 /* Debug */,
				8D86246A2AE6CF1D000EB916 /* Release */,
			);
			defaultConfigurationIsVisible = 0;
			defaultConfigurationName = Release;
		};
		8D86246B2AE6CF1D000EB916 /* Build configuration list for PBXNativeTarget "Tracker" */ = {
			isa = XCConfigurationList;
			buildConfigurations = (
				8D86246C2AE6CF1D000EB916 /* Debug */,
				8D86246D2AE6CF1D000EB916 /* Release */,
			);
			defaultConfigurationIsVisible = 0;
			defaultConfigurationName = Release;
		};
/* End XCConfigurationList section */
	};
	rootObject = 8D86244F2AE6CF1D000EB916 /* Project object */;
}
